
Microsoft Visual Studio Solution File, Format Version 12.00
# Visual Studio 2017
Project("{FAE04EC0-301F-11D3-BF4B-00C04F79EFBC}") = "LolClient.Plugins", "LolClient.Plugins.csproj", "{520C6438-4D56-1A4C-72DE-6902FF356DF4}"
EndProject
Project("{FAE04EC0-301F-11D3-BF4B-00C04F79EFBC}") = "LolClient", "LolClient.csproj", "{C6A4D21E-09D7-055E-9A0E-ED7CB1A856ED}"
EndProject
Global
	GlobalSection(SolutionConfigurationPlatforms) = preSolution
		Debug|Any CPU = Debug|Any CPU
		Release|Any CPU = Release|Any CPU
	EndGlobalSection
	GlobalSection(ProjectConfigurationPlatforms) = postSolution
		{520C6438-4D56-1A4C-72DE-6902FF356DF4}.Debug|Any CPU.ActiveCfg = Debug|Any CPU
		{520C6438-4D56-1A4C-72DE-6902FF356DF4}.Debug|Any CPU.Build.0 = Debug|Any CPU
		{520C6438-4D56-1A4C-72DE-6902FF356DF4}.Release|Any CPU.ActiveCfg = Release|Any CPU
		{520C6438-4D56-1A4C-72DE-6902FF356DF4}.Release|Any CPU.Build.0 = Release|Any CPU
		{C6A4D21E-09D7-055E-9A0E-ED7CB1A856ED}.Debug|Any CPU.ActiveCfg = Debug|Any CPU
		{C6A4D21E-09D7-055E-9A0E-ED7CB1A856ED}.Debug|Any CPU.Build.0 = Debug|Any CPU
		{C6A4D21E-09D7-055E-9A0E-ED7CB1A856ED}.Release|Any CPU.ActiveCfg = Release|Any CPU
		{C6A4D21E-09D7-055E-9A0E-ED7CB1A856ED}.Release|Any CPU.Build.0 = Release|Any CPU
	EndGlobalSection
	GlobalSection(SolutionProperties) = preSolution
		HideSolutionNode = FALSE
	EndGlobalSection
EndGlobal
